
Microsoft Visual Studio Solution File, Format Version 12.00
# Visual Studio Version 17
VisualStudioVersion = 17.11.35222.181
MinimumVisualStudioVersion = 10.0.40219.1
Project("{9A19103F-16F7-4668-BE54-9A1E7A4F7556}") = "Final.Core", "Final.Core\Final.Core.csproj", "{927FAEBA-BF78-4196-A36E-A67E5099C558}"
EndProject
Project("{9A19103F-16F7-4668-BE54-9A1E7A4F7556}") = "Final.UserInterface", "Final.UserInterface\Final.UserInterface.csproj", "{B2FED51B-1679-4CC2-8C8E-E3A7F482EC9D}"
EndProject
Global
	GlobalSection(SolutionConfigurationPlatforms) = preSolution
		Debug|Any CPU = Debug|Any CPU
		Release|Any CPU = Release|Any CPU
	EndGlobalSection
	GlobalSection(ProjectConfigurationPlatforms) = postSolution
		{927FAEBA-BF78-4196-A36E-A67E5099C558}.Debug|Any CPU.ActiveCfg = Debug|Any CPU
		{927FAEBA-BF78-4196-A36E-A67E5099C558}.Debug|Any CPU.Build.0 = Debug|Any CPU
		{927FAEBA-BF78-4196-A36E-A67E5099C558}.Release|Any CPU.ActiveCfg = Release|Any CPU
		{927FAEBA-BF78-4196-A36E-A67E5099C558}.Release|Any CPU.Build.0 = Release|Any CPU
		{B2FED51B-1679-4CC2-8C8E-E3A7F482EC9D}.Debug|Any CPU.ActiveCfg = Debug|Any CPU
		{B2FED51B-1679-4CC2-8C8E-E3A7F482EC9D}.Debug|Any CPU.Build.0 = Debug|Any CPU
		{B2FED51B-1679-4CC2-8C8E-E3A7F482EC9D}.Release|Any CPU.ActiveCfg = Release|Any CPU
		{B2FED51B-1679-4CC2-8C8E-E3A7F482EC9D}.Release|Any CPU.Build.0 = Release|Any CPU
	EndGlobalSection
	GlobalSection(SolutionProperties) = preSolution
		HideSolutionNode = FALSE
	EndGlobalSection
	GlobalSection(ExtensibilityGlobals) = postSolution
		SolutionGuid = {F1222A2B-511A-4056-939C-8654FB250ADD}
	EndGlobalSection
EndGlobal
